
Microsoft Visual Studio Solution File, Format Version 12.00
# Visual Studio 15
VisualStudioVersion = 15.0.27130.2027
MinimumVisualStudioVersion = 10.0.40219.1
Project("{FAE04EC0-301F-11D3-BF4B-00C04F79EFBC}") = "Queue", "Queue\Queue.csproj", "{C5DAA052-2E58-4B07-B297-5D611E01CDC6}"
EndProject
Global
	GlobalSection(SolutionConfigurationPlatforms) = preSolution
		Debug|Any CPU = Debug|Any CPU
		Release|Any CPU = Release|Any CPU
	EndGlobalSection
	GlobalSection(ProjectConfigurationPlatforms) = postSolution
		{C5DAA052-2E58-4B07-B297-5D611E01CDC6}.Debug|Any CPU.ActiveCfg = Debug|Any CPU
		{C5DAA052-2E58-4B07-B297-5D611E01CDC6}.Debug|Any CPU.Build.0 = Debug|Any CPU
		{C5DAA052-2E58-4B07-B297-5D611E01CDC6}.Release|Any CPU.ActiveCfg = Release|Any CPU
		{C5DAA052-2E58-4B07-B297-5D611E01CDC6}.Release|Any CPU.Build.0 = Release|Any CPU
	EndGlobalSection
	GlobalSection(SolutionProperties) = preSolution
		HideSolutionNode = FALSE
	EndGlobalSection
	GlobalSection(ExtensibilityGlobals) = postSolution
		SolutionGuid = {5F3342FF-29E3-4C22-92B1-F0CADE464D83}
	EndGlobalSection
EndGlobal
